
Microsoft Visual Studio Solution File, Format Version 12.00
# Visual Studio Version 16
VisualStudioVersion = 16.0.29519.87
MinimumVisualStudioVersion = 10.0.40219.1
Project("{FAE04EC0-301F-11D3-BF4B-00C04F79EFBC}") = "thor-api", "thor-api\thor-api.csproj", "{5230BFDF-D26B-460C-A23C-EF6F6D2EE6EF}"
EndProject
Global
	GlobalSection(SolutionConfigurationPlatforms) = preSolution
		Debug|Any CPU = Debug|Any CPU
		Release|Any CPU = Release|Any CPU
	EndGlobalSection
	GlobalSection(ProjectConfigurationPlatforms) = postSolution
		{5230BFDF-D26B-460C-A23C-EF6F6D2EE6EF}.Debug|Any CPU.ActiveCfg = Debug|Any CPU
		{5230BFDF-D26B-460C-A23C-EF6F6D2EE6EF}.Debug|Any CPU.Build.0 = Debug|Any CPU
		{5230BFDF-D26B-460C-A23C-EF6F6D2EE6EF}.Release|Any CPU.ActiveCfg = Release|Any CPU
		{5230BFDF-D26B-460C-A23C-EF6F6D2EE6EF}.Release|Any CPU.Build.0 = Release|Any CPU
	EndGlobalSection
	GlobalSection(SolutionProperties) = preSolution
		HideSolutionNode = FALSE
	EndGlobalSection
	GlobalSection(ExtensibilityGlobals) = postSolution
		SolutionGuid = {DB180921-07FF-402B-B460-19A9F4893ABB}
	EndGlobalSection
EndGlobal
